
Microsoft Visual Studio Solution File, Format Version 12.00
# Visual Studio Version 16
VisualStudioVersion = 16.0.30621.155
MinimumVisualStudioVersion = 10.0.40219.1
Project("{FAE04EC0-301F-11D3-BF4B-00C04F79EFBC}") = "EF-lab", "EF-lab.csproj", "{EA2CFBE4-155C-45B4-BCD6-64A9658AE3D9}"
EndProject
Global
	GlobalSection(SolutionConfigurationPlatforms) = preSolution
		Debug|Any CPU = Debug|Any CPU
		Release|Any CPU = Release|Any CPU
	EndGlobalSection
	GlobalSection(ProjectConfigurationPlatforms) = postSolution
		{EA2CFBE4-155C-45B4-BCD6-64A9658AE3D9}.Debug|Any CPU.ActiveCfg = Debug|Any CPU
		{EA2CFBE4-155C-45B4-BCD6-64A9658AE3D9}.Debug|Any CPU.Build.0 = Debug|Any CPU
		{EA2CFBE4-155C-45B4-BCD6-64A9658AE3D9}.Release|Any CPU.ActiveCfg = Release|Any CPU
		{EA2CFBE4-155C-45B4-BCD6-64A9658AE3D9}.Release|Any CPU.Build.0 = Release|Any CPU
	EndGlobalSection
	GlobalSection(SolutionProperties) = preSolution
		HideSolutionNode = FALSE
	EndGlobalSection
	GlobalSection(ExtensibilityGlobals) = postSolution
		SolutionGuid = {8C5156A9-0CDC-4E6C-B0B8-857B7A78A615}
	EndGlobalSection
EndGlobal
